// !$*UTF8*$!
{
	archiveVersion = 1;
	classes = {
	};
	objectVersion = 50;
	objects = {

/* Begin PBXBuildFile section */
		111812CF2668155800F0A926 /* AppDelegate.swift in Sources */ = {isa = PBXBuildFile; fileRef = 111812CE2668155800F0A926 /* AppDelegate.swift */; };
		111812D12668155800F0A926 /* SceneDelegate.swift in Sources */ = {isa = PBXBuildFile; fileRef = 111812D02668155800F0A926 /* SceneDelegate.swift */; };
		111812D32668155800F0A926 /* ViewController.swift in Sources */ = {isa = PBXBuildFile; fileRef = 111812D22668155800F0A926 /* ViewController.swift */; };
		111812D62668155800F0A926 /* Main.storyboard in Resources */ = {isa = PBXBuildFile; fileRef = 111812D42668155800F0A926 /* Main.storyboard */; };
		111812D82668155E00F0A926 /* Assets.xcassets in Resources */ = {isa = PBXBuildFile; fileRef = 111812D72668155E00F0A926 /* Assets.xcassets */; };
		111812DB2668155E00F0A926 /* LaunchScreen.storyboard in Resources */ = {isa = PBXBuildFile; fileRef = 111812D92668155E00F0A926 /* LaunchScreen.storyboard */; };
		113FE67C2668F9A9002DEBAA /* CoinModel.swift in Sources */ = {isa = PBXBuildFile; fileRef = 113FE67B2668F9A9002DEBAA /* CoinModel.swift */; };
		113FE67F2668FB17002DEBAA /* CoinApiDataModel.swift in Sources */ = {isa = PBXBuildFile; fileRef = 113FE67E2668FB17002DEBAA /* CoinApiDataModel.swift */; };
		113FE6822668FBA2002DEBAA /* CoinApiBrain.swift in Sources */ = {isa = PBXBuildFile; fileRef = 113FE6812668FBA2002DEBAA /* CoinApiBrain.swift */; };
/* End PBXBuildFile section */

/* Begin PBXFileReference section */
		111812CB2668155800F0A926 /* CoinTracker.app */ = {isa = PBXFileReference; explicitFileType = wrapper.application; includeInIndex = 0; path = CoinTracker.app; sourceTree = BUILT_PRODUCTS_DIR; };
		111812CE2668155800F0A926 /* AppDelegate.swift */ = {isa = PBXFileReference; lastKnownFileType = sourcecode.swift; path = AppDelegate.swift; sourceTree = "<group>"; };
		111812D02668155800F0A926 /* SceneDelegate.swift */ = {isa = PBXFileReference; lastKnownFileType = sourcecode.swift; path = SceneDelegate.swift; sourceTree = "<group>"; };
		111812D22668155800F0A926 /* ViewController.swift */ = {isa = PBXFileReference; lastKnownFileType = sourcecode.swift; path = ViewController.swift; sourceTree = "<group>"; };
		111812D52668155800F0A926 /* Base */ = {isa = PBXFileReference; lastKnownFileType = file.storyboard; name = Base; path = Base.lproj/Main.storyboard; sourceTree = "<group>"; };
		111812D72668155E00F0A926 /* Assets.xcassets */ = {isa = PBXFileReference; lastKnownFileType = folder.assetcatalog; path = Assets.xcassets; sourceTree = "<group>"; };
		111812DA2668155E00F0A926 /* Base */ = {isa = PBXFileReference; lastKnownFileType = file.storyboard; name = Base; path = Base.lproj/LaunchScreen.storyboard; sourceTree = "<group>"; };
		111812DC2668155E00F0A926 /* Info.plist */ = {isa = PBXFileReference; lastKnownFileType = text.plist.xml; path = Info.plist; sourceTree = "<group>"; };
		113FE67B2668F9A9002DEBAA /* CoinModel.swift */ = {isa = PBXFileReference; lastKnownFileType = sourcecode.swift; path = CoinModel.swift; sourceTree = "<group>"; };
		113FE67E2668FB17002DEBAA /* CoinApiDataModel.swift */ = {isa = PBXFileReference; lastKnownFileType = sourcecode.swift; path = CoinApiDataModel.swift; sourceTree = "<group>"; };
		113FE6812668FBA2002DEBAA /* CoinApiBrain.swift */ = {isa = PBXFileReference; lastKnownFileType = sourcecode.swift; path = CoinApiBrain.swift; sourceTree = "<group>"; };
/* End PBXFileReference section */

/* Begin PBXFrameworksBuildPhase section */
		111812C82668155800F0A926 /* Frameworks */ = {
			isa = PBXFrameworksBuildPhase;
			buildActionMask = 2147483647;
			files = (
			);
			runOnlyForDeploymentPostprocessing = 0;
		};
/* End PBXFrameworksBuildPhase section */

/* Begin PBXGroup section */
		111812C22668155800F0A926 = {
			isa = PBXGroup;
			children = (
				111812CD2668155800F0A926 /* CoinTracker */,
				111812CC2668155800F0A926 /* Products */,
			);
			sourceTree = "<group>";
		};
		111812CC2668155800F0A926 /* Products */ = {
			isa = PBXGroup;
			children = (
				111812CB2668155800F0A926 /* CoinTracker.app */,
			);
			name = Products;
			sourceTree = "<group>";
		};
		111812CD2668155800F0A926 /* CoinTracker */ = {
			isa = PBXGroup;
			children = (
				111812CE2668155800F0A926 /* AppDelegate.swift */,
				111812D02668155800F0A926 /* SceneDelegate.swift */,
				111812E426682FC800F0A926 /* Model */,
				111812E526682FD300F0A926 /* View */,
				111812E326682FA900F0A926 /* Controller */,
				111812D72668155E00F0A926 /* Assets.xcassets */,
				111812D92668155E00F0A926 /* LaunchScreen.storyboard */,
				111812DC2668155E00F0A926 /* Info.plist */,
			);
			path = CoinTracker;
			sourceTree = "<group>";
		};
		111812E326682FA900F0A926 /* Controller */ = {
			isa = PBXGroup;
			children = (
				111812D22668155800F0A926 /* ViewController.swift */,
			);
			path = Controller;
			sourceTree = "<group>";
		};
		111812E426682FC800F0A926 /* Model */ = {
			isa = PBXGroup;
			children = (
				113FE67B2668F9A9002DEBAA /* CoinModel.swift */,
				113FE67E2668FB17002DEBAA /* CoinApiDataModel.swift */,
				113FE6812668FBA2002DEBAA /* CoinApiBrain.swift */,
			);
			path = Model;
			sourceTree = "<group>";
		};
		111812E526682FD300F0A926 /* View */ = {
			isa = PBXGroup;
			children = (
				111812D42668155800F0A926 /* Main.storyboard */,
			);
			path = View;
			sourceTree = "<group>";
		};
/* End PBXGroup section */

/* Begin PBXNativeTarget section */
		111812CA2668155800F0A926 /* CoinTracker */ = {
			isa = PBXNativeTarget;
			buildConfigurationList = 111812DF2668155E00F0A926 /* Build configuration list for PBXNativeTarget "CoinTracker" */;
			buildPhases = (
				111812C72668155800F0A926 /* Sources */,
				111812C82668155800F0A926 /* Frameworks */,
				111812C92668155800F0A926 /* Resources */,
			);
			buildRules = (
			);
			dependencies = (
			);
			name = CoinTracker;
			productName = CoinTracker;
			productReference = 111812CB2668155800F0A926 /* CoinTracker.app */;
			productType = "com.apple.product-type.application";
		};
/* End PBXNativeTarget section */

/* Begin PBXProject section */
		111812C32668155800F0A926 /* Project object */ = {
			isa = PBXProject;
			attributes = {
				LastSwiftUpdateCheck = 1240;
				LastUpgradeCheck = 1240;
				TargetAttributes = {
					111812CA2668155800F0A926 = {
						CreatedOnToolsVersion = 12.4;
					};
				};
			};
			buildConfigurationList = 111812C62668155800F0A926 /* Build configuration list for PBXProject "CoinTracker" */;
			compatibilityVersion = "Xcode 9.3";
			developmentRegion = en;
			hasScannedForEncodings = 0;
			knownRegions = (
				en,
				Base,
			);
			mainGroup = 111812C22668155800F0A926;
			productRefGroup = 111812CC2668155800F0A926 /* Products */;
			projectDirPath = "";
			projectRoot = "";
			targets = (
				111812CA2668155800F0A926 /* CoinTracker */,
			);
		};
/* End PBXProject section */

/* Begin PBXResourcesBuildPhase section */
		111812C92668155800F0A926 /* Resources */ = {
			isa = PBXResourcesBuildPhase;
			buildActionMask = 2147483647;
			files = (
				111812DB2668155E00F0A926 /* LaunchScreen.storyboard in Resources */,
				111812D82668155E00F0A926 /* Assets.xcassets in Resources */,
				111812D62668155800F0A926 /* Main.storyboard in Resources */,
			);
			runOnlyForDeploymentPostprocessing = 0;
		};
/* End PBXResourcesBuildPhase section */

/* Begin PBXSourcesBuildPhase section */
		111812C72668155800F0A926 /* Sources */ = {
			isa = PBXSourcesBuildPhase;
			buildActionMask = 2147483647;
			files = (
				113FE6822668FBA2002DEBAA /* CoinApiBrain.swift in Sources */,
				113FE67C2668F9A9002DEBAA /* CoinModel.swift in Sources */,
				111812D32668155800F0A926 /* ViewController.swift in Sources */,
				111812CF2668155800F0A926 /* AppDelegate.swift in Sources */,
				113FE67F2668FB17002DEBAA /* CoinApiDataModel.swift in Sources */,
				111812D12668155800F0A926 /* SceneDelegate.swift in Sources */,
			);
			runOnlyForDeploymentPostprocessing = 0;
		};
/* End PBXSourcesBuildPhase section */

/* Begin PBXVariantGroup section */
		111812D42668155800F0A926 /* Main.storyboard */ = {
			isa = PBXVariantGroup;
			children = (
				111812D52668155800F0A926 /* Base */,
			);
			name = Main.storyboard;
			sourceTree = "<group>";
		};
		111812D92668155E00F0A926 /* LaunchScreen.storyboard */ = {
			isa = PBXVariantGroup;
			children = (
				111812DA2668155E00F0A926 /* Base */,
			);
			name = LaunchScreen.storyboard;
			sourceTree = "<group>";
		};
/* End PBXVariantGroup section */

/* Begin XCBuildConfiguration section */
		111812DD2668155E00F0A926 /* Debug */ = {
			isa = XCBuildConfiguration;
			buildSettings = {
				ALWAYS_SEARCH_USER_PATHS = NO;
				CLANG_ANALYZER_NONNULL = YES;
				CLANG_ANALYZER_NUMBER_OBJECT_CONVERSION = YES_AGGRESSIVE;
				CLANG_CXX_LANGUAGE_STANDARD = "gnu++14";
				CLANG_CXX_LIBRARY = "libc++";
				CLANG_ENABLE_MODULES = YES;
				CLANG_ENABLE_OBJC_ARC = YES;
				CLANG_ENABLE_OBJC_WEAK = YES;
				CLANG_WARN_BLOCK_CAPTURE_AUTORELEASING = YES;
				CLANG_WARN_BOOL_CONVERSION = YES;
				CLANG_WARN_COMMA = YES;
				CLANG_WARN_CONSTANT_CONVERSION = YES;
				CLANG_WARN_DEPRECATED_OBJC_IMPLEMENTATIONS = YES;
				CLANG_WARN_DIRECT_OBJC_ISA_USAGE = YES_ERROR;
				CLANG_WARN_DOCUMENTATION_COMMENTS = YES;
				CLANG_WARN_EMPTY_BODY = YES;
				CLANG_WARN_ENUM_CONVERSION = YES;
				CLANG_WARN_INFINITE_RECURSION = YES;
				CLANG_WARN_INT_CONVERSION = YES;
				CLANG_WARN_NON_LITERAL_NULL_CONVERSION = YES;
				CLANG_WARN_OBJC_IMPLICIT_RETAIN_SELF = YES;
				CLANG_WARN_OBJC_LITERAL_CONVERSION = YES;
				CLANG_WARN_OBJC_ROOT_CLASS = YES_ERROR;
				CLANG_WARN_QUOTED_INCLUDE_IN_FRAMEWORK_HEADER = YES;
				CLANG_WARN_RANGE_LOOP_ANALYSIS = YES;
				CLANG_WARN_STRICT_PROTOTYPES = YES;
				CLANG_WARN_SUSPICIOUS_MOVE = YES;
				CLANG_WARN_UNGUARDED_AVAILABILITY = YES_AGGRESSIVE;
				CLANG_WARN_UNREACHABLE_CODE = YES;
				CLANG_WARN__DUPLICATE_METHOD_MATCH = YES;
				COPY_PHASE_STRIP = NO;
				DEBUG_INFORMATION_FORMAT = dwarf;
				ENABLE_STRICT_OBJC_MSGSEND = YES;
				ENABLE_TESTABILITY = YES;
				GCC_C_LANGUAGE_STANDARD = gnu11;
				GCC_DYNAMIC_NO_PIC = NO;
				GCC_NO_COMMON_BLOCKS = YES;
				GCC_OPTIMIZATION_LEVEL = 0;
				GCC_PREPROCESSOR_DEFINITIONS = (
					"DEBUG=1",
					"$(inherited)",
				);
				GCC_WARN_64_TO_32_BIT_CONVERSION = YES;
				GCC_WARN_ABOUT_RETURN_TYPE = YES_ERROR;
				GCC_WARN_UNDECLARED_SELECTOR = YES;
				GCC_WARN_UNINITIALIZED_AUTOS = YES_AGGRESSIVE;
				GCC_WARN_UNUSED_FUNCTION = YES;
				GCC_WARN_UNUSED_VARIABLE = YES;
				IPHONEOS_DEPLOYMENT_TARGET = 14.4;
				MTL_ENABLE_DEBUG_INFO = INCLUDE_SOURCE;
				MTL_FAST_MATH = YES;
				ONLY_ACTIVE_ARCH = YES;
				SDKROOT = iphoneos;
				SWIFT_ACTIVE_COMPILATION_CONDITIONS = DEBUG;
				SWIFT_OPTIMIZATION_LEVEL = "-Onone";
			};
			name = Debug;
		};
		111812DE2668155E00F0A926 /* Release */ = {
			isa = XCBuildConfiguration;
			buildSettings = {
				ALWAYS_SEARCH_USER_PATHS = NO;
				CLANG_ANALYZER_NONNULL = YES;
				CLANG_ANALYZER_NUMBER_OBJECT_CONVERSION = YES_AGGRESSIVE;
				CLANG_CXX_LANGUAGE_STANDARD = "gnu++14";
				CLANG_CXX_LIBRARY = "libc++";
				CLANG_ENABLE_MODULES = YES;
				CLANG_ENABLE_OBJC_ARC = YES;
				CLANG_ENABLE_OBJC_WEAK = YES;
				CLANG_WARN_BLOCK_CAPTURE_AUTORELEASING = YES;
				CLANG_WARN_BOOL_CONVERSION = YES;
				CLANG_WARN_COMMA = YES;
				CLANG_WARN_CONSTANT_CONVERSION = YES;
				CLANG_WARN_DEPRECATED_OBJC_IMPLEMENTATIONS = YES;
				CLANG_WARN_DIRECT_OBJC_ISA_USAGE = YES_ERROR;
				CLANG_WARN_DOCUMENTATION_COMMENTS = YES;
				CLANG_WARN_EMPTY_BODY = YES;
				CLANG_WARN_ENUM_CONVERSION = YES;
				CLANG_WARN_INFINITE_RECURSION = YES;
				CLANG_WARN_INT_CONVERSION = YES;
				CLANG_WARN_NON_LITERAL_NULL_CONVERSION = YES;
				CLANG_WARN_OBJC_IMPLICIT_RETAIN_SELF = YES;
				CLANG_WARN_OBJC_LITERAL_CONVERSION = YES;
				CLANG_WARN_OBJC_ROOT_CLASS = YES_ERROR;
				CLANG_WARN_QUOTED_INCLUDE_IN_FRAMEWORK_HEADER = YES;
				CLANG_WARN_RANGE_LOOP_ANALYSIS = YES;
				CLANG_WARN_STRICT_PROTOTYPES = YES;
				CLANG_WARN_SUSPICIOUS_MOVE = YES;
				CLANG_WARN_UNGUARDED_AVAILABILITY = YES_AGGRESSIVE;
				CLANG_WARN_UNREACHABLE_CODE = YES;
				CLANG_WARN__DUPLICATE_METHOD_MATCH = YES;
				COPY_PHASE_STRIP = NO;
				DEBUG_INFORMATION_FORMAT = "dwarf-with-dsym";
				ENABLE_NS_ASSERTIONS = NO;
				ENABLE_STRICT_OBJC_MSGSEND = YES;
				GCC_C_LANGUAGE_STANDARD = gnu11;
				GCC_NO_COMMON_BLOCKS = YES;
				GCC_WARN_64_TO_32_BIT_CONVERSION = YES;
				GCC_WARN_ABOUT_RETURN_TYPE = YES_ERROR;
				GCC_WARN_UNDECLARED_SELECTOR = YES;
				GCC_WARN_UNINITIALIZED_AUTOS = YES_AGGRESSIVE;
				GCC_WARN_UNUSED_FUNCTION = YES;
				GCC_WARN_UNUSED_VARIABLE = YES;
				IPHONEOS_DEPLOYMENT_TARGET = 14.4;
				MTL_ENABLE_DEBUG_INFO = NO;
				MTL_FAST_MATH = YES;
				SDKROOT = iphoneos;
				SWIFT_COMPILATION_MODE = wholemodule;
				SWIFT_OPTIMIZATION_LEVEL = "-O";
				VALIDATE_PRODUCT = YES;
			};
			name = Release;
		};
		111812E02668155E00F0A926 /* Debug */ = {
			isa = XCBuildConfiguration;
			buildSettings = {
				ASSETCATALOG_COMPILER_APPICON_NAME = AppIcon;
				ASSETCATALOG_COMPILER_GLOBAL_ACCENT_COLOR_NAME = AccentColor;
				CODE_SIGN_STYLE = Automatic;
				INFOPLIST_FILE = CoinTracker/Info.plist;
				LD_RUNPATH_SEARCH_PATHS = (
					"$(inherited)",
					"@executable_path/Frameworks",
				);
				PRODUCT_BUNDLE_IDENTIFIER = com.sametronaer.CoinTracker;
				PRODUCT_NAME = "$(TARGET_NAME)";
				SWIFT_VERSION = 5.0;
				TARGETED_DEVICE_FAMILY = "1,2";
			};
			name = Debug;
		};
		111812E12668155E00F0A926 /* Release */ = {
			isa = XCBuildConfiguration;
			buildSettings = {
				ASSETCATALOG_COMPILER_APPICON_NAME = AppIcon;
				ASSETCATALOG_COMPILER_GLOBAL_ACCENT_COLOR_NAME = AccentColor;
				CODE_SIGN_STYLE = Automatic;
				INFOPLIST_FILE = CoinTracker/Info.plist;
				LD_RUNPATH_SEARCH_PATHS = (
					"$(inherited)",
					"@executable_path/Frameworks",
				);
				PRODUCT_BUNDLE_IDENTIFIER = com.sametronaer.CoinTracker;
				PRODUCT_NAME = "$(TARGET_NAME)";
				SWIFT_VERSION = 5.0;
				TARGETED_DEVICE_FAMILY = "1,2";
			};
			name = Release;
		};
/* End XCBuildConfiguration section */

/* Begin XCConfigurationList section */
		111812C62668155800F0A926 /* Build configuration list for PBXProject "CoinTracker" */ = {
			isa = XCConfigurationList;
			buildConfigurations = (
				111812DD2668155E00F0A926 /* Debug */,
				111812DE2668155E00F0A926 /* Release */,
			);
			defaultConfigurationIsVisible = 0;
			defaultConfigurationName = Release;
		};
		111812DF2668155E00F0A926 /* Build configuration list for PBXNativeTarget "CoinTracker" */ = {
			isa = XCConfigurationList;
			buildConfigurations = (
				111812E02668155E00F0A926 /* Debug */,
				111812E12668155E00F0A926 /* Release */,
			);
			defaultConfigurationIsVisible = 0;
			defaultConfigurationName = Release;
		};
/* End XCConfigurationList section */
	};
	rootObject = 111812C32668155800F0A926 /* Project object */;
}
